
Microsoft Visual Studio Solution File, Format Version 12.00
# Visual Studio Version 16
VisualStudioVersion = 16.0.30225.117
MinimumVisualStudioVersion = 10.0.40219.1
Project("{FAE04EC0-301F-11D3-BF4B-00C04F79EFBC}") = "11-1", "11-1\11-1.csproj", "{F0148AEC-7C54-4E69-ACF7-1007F244CE0E}"
EndProject
Global
	GlobalSection(SolutionConfigurationPlatforms) = preSolution
		Debug|Any CPU = Debug|Any CPU
		Release|Any CPU = Release|Any CPU
	EndGlobalSection
	GlobalSection(ProjectConfigurationPlatforms) = postSolution
		{F0148AEC-7C54-4E69-ACF7-1007F244CE0E}.Debug|Any CPU.ActiveCfg = Debug|Any CPU
		{F0148AEC-7C54-4E69-ACF7-1007F244CE0E}.Debug|Any CPU.Build.0 = Debug|Any CPU
		{F0148AEC-7C54-4E69-ACF7-1007F244CE0E}.Release|Any CPU.ActiveCfg = Release|Any CPU
		{F0148AEC-7C54-4E69-ACF7-1007F244CE0E}.Release|Any CPU.Build.0 = Release|Any CPU
	EndGlobalSection
	GlobalSection(SolutionProperties) = preSolution
		HideSolutionNode = FALSE
	EndGlobalSection
	GlobalSection(ExtensibilityGlobals) = postSolution
		SolutionGuid = {D4C10168-D377-4407-B9C3-5A173910213E}
	EndGlobalSection
EndGlobal
