
Microsoft Visual Studio Solution File, Format Version 12.00
# Visual Studio 15
VisualStudioVersion = 15.0.28307.1145
MinimumVisualStudioVersion = 10.0.40219.1
Project("{FAE04EC0-301F-11D3-BF4B-00C04F79EFBC}") = "8_1", "8_1\8_1.csproj", "{6AA2EE26-7DD4-45E7-9AB8-BABF007790C8}"
EndProject
Global
	GlobalSection(SolutionConfigurationPlatforms) = preSolution
		Debug|Any CPU = Debug|Any CPU
		Release|Any CPU = Release|Any CPU
	EndGlobalSection
	GlobalSection(ProjectConfigurationPlatforms) = postSolution
		{6AA2EE26-7DD4-45E7-9AB8-BABF007790C8}.Debug|Any CPU.ActiveCfg = Debug|Any CPU
		{6AA2EE26-7DD4-45E7-9AB8-BABF007790C8}.Debug|Any CPU.Build.0 = Debug|Any CPU
		{6AA2EE26-7DD4-45E7-9AB8-BABF007790C8}.Release|Any CPU.ActiveCfg = Release|Any CPU
		{6AA2EE26-7DD4-45E7-9AB8-BABF007790C8}.Release|Any CPU.Build.0 = Release|Any CPU
	EndGlobalSection
	GlobalSection(SolutionProperties) = preSolution
		HideSolutionNode = FALSE
	EndGlobalSection
	GlobalSection(ExtensibilityGlobals) = postSolution
		SolutionGuid = {B63FD19D-8822-4E43-9B85-D6189AEF28C1}
	EndGlobalSection
EndGlobal
