
Microsoft Visual Studio Solution File, Format Version 12.00
# Visual Studio Version 16
VisualStudioVersion = 16.0.30225.117
MinimumVisualStudioVersion = 10.0.40219.1
Project("{9A19103F-16F7-4668-BE54-9A1E7A4F7556}") = "Chapter1", "Chapter1.csproj", "{6297DBDF-8A3D-497C-BD0C-F478717E6E8A}"
EndProject
Global
	GlobalSection(SolutionConfigurationPlatforms) = preSolution
		Debug|Any CPU = Debug|Any CPU
		Release|Any CPU = Release|Any CPU
	EndGlobalSection
	GlobalSection(ProjectConfigurationPlatforms) = postSolution
		{6297DBDF-8A3D-497C-BD0C-F478717E6E8A}.Debug|Any CPU.ActiveCfg = Debug|Any CPU
		{6297DBDF-8A3D-497C-BD0C-F478717E6E8A}.Debug|Any CPU.Build.0 = Debug|Any CPU
		{6297DBDF-8A3D-497C-BD0C-F478717E6E8A}.Release|Any CPU.ActiveCfg = Release|Any CPU
		{6297DBDF-8A3D-497C-BD0C-F478717E6E8A}.Release|Any CPU.Build.0 = Release|Any CPU
	EndGlobalSection
	GlobalSection(SolutionProperties) = preSolution
		HideSolutionNode = FALSE
	EndGlobalSection
	GlobalSection(ExtensibilityGlobals) = postSolution
		SolutionGuid = {9B2B52E2-59BC-4E40-9B20-C63A72A415E4}
	EndGlobalSection
EndGlobal
