
Microsoft Visual Studio Solution File, Format Version 12.00
# Visual Studio Version 16
VisualStudioVersion = 16.0.30225.117
MinimumVisualStudioVersion = 10.0.40219.1
Project("{FAE04EC0-301F-11D3-BF4B-00C04F79EFBC}") = "AtCoderTutorial3", "AtCoderTutorial3.csproj", "{6BF80C00-34BE-4521-B258-C863E87F821F}"
EndProject
Global
	GlobalSection(SolutionConfigurationPlatforms) = preSolution
		Debug|Any CPU = Debug|Any CPU
		Release|Any CPU = Release|Any CPU
	EndGlobalSection
	GlobalSection(ProjectConfigurationPlatforms) = postSolution
		{6BF80C00-34BE-4521-B258-C863E87F821F}.Debug|Any CPU.ActiveCfg = Debug|Any CPU
		{6BF80C00-34BE-4521-B258-C863E87F821F}.Debug|Any CPU.Build.0 = Debug|Any CPU
		{6BF80C00-34BE-4521-B258-C863E87F821F}.Release|Any CPU.ActiveCfg = Release|Any CPU
		{6BF80C00-34BE-4521-B258-C863E87F821F}.Release|Any CPU.Build.0 = Release|Any CPU
	EndGlobalSection
	GlobalSection(SolutionProperties) = preSolution
		HideSolutionNode = FALSE
	EndGlobalSection
	GlobalSection(ExtensibilityGlobals) = postSolution
		SolutionGuid = {22D6CC28-AE4C-4846-949C-C3A18ABE7FE9}
	EndGlobalSection
EndGlobal
