
Microsoft Visual Studio Solution File, Format Version 12.00
# Visual Studio Version 16
VisualStudioVersion = 16.0.30225.117
MinimumVisualStudioVersion = 10.0.40219.1
Project("{FAE04EC0-301F-11D3-BF4B-00C04F79EFBC}") = "1-3", "1-3.csproj", "{94F74A36-3016-4E97-B84B-144CF0ADC35E}"
EndProject
Global
	GlobalSection(SolutionConfigurationPlatforms) = preSolution
		Debug|Any CPU = Debug|Any CPU
		Release|Any CPU = Release|Any CPU
	EndGlobalSection
	GlobalSection(ProjectConfigurationPlatforms) = postSolution
		{94F74A36-3016-4E97-B84B-144CF0ADC35E}.Debug|Any CPU.ActiveCfg = Debug|Any CPU
		{94F74A36-3016-4E97-B84B-144CF0ADC35E}.Debug|Any CPU.Build.0 = Debug|Any CPU
		{94F74A36-3016-4E97-B84B-144CF0ADC35E}.Release|Any CPU.ActiveCfg = Release|Any CPU
		{94F74A36-3016-4E97-B84B-144CF0ADC35E}.Release|Any CPU.Build.0 = Release|Any CPU
	EndGlobalSection
	GlobalSection(SolutionProperties) = preSolution
		HideSolutionNode = FALSE
	EndGlobalSection
	GlobalSection(ExtensibilityGlobals) = postSolution
		SolutionGuid = {14173D2D-5730-4056-A316-5838C02DB3C2}
	EndGlobalSection
EndGlobal
