
Microsoft Visual Studio Solution File, Format Version 12.00
# Visual Studio Version 16
VisualStudioVersion = 16.0.30225.117
MinimumVisualStudioVersion = 10.0.40219.1
Project("{FAE04EC0-301F-11D3-BF4B-00C04F79EFBC}") = "13-2", "13-2\13-2.csproj", "{6B3B475F-9025-4589-98B1-D550877DF422}"
EndProject
Global
	GlobalSection(SolutionConfigurationPlatforms) = preSolution
		Debug|Any CPU = Debug|Any CPU
		Release|Any CPU = Release|Any CPU
	EndGlobalSection
	GlobalSection(ProjectConfigurationPlatforms) = postSolution
		{6B3B475F-9025-4589-98B1-D550877DF422}.Debug|Any CPU.ActiveCfg = Debug|Any CPU
		{6B3B475F-9025-4589-98B1-D550877DF422}.Debug|Any CPU.Build.0 = Debug|Any CPU
		{6B3B475F-9025-4589-98B1-D550877DF422}.Release|Any CPU.ActiveCfg = Release|Any CPU
		{6B3B475F-9025-4589-98B1-D550877DF422}.Release|Any CPU.Build.0 = Release|Any CPU
	EndGlobalSection
	GlobalSection(SolutionProperties) = preSolution
		HideSolutionNode = FALSE
	EndGlobalSection
	GlobalSection(ExtensibilityGlobals) = postSolution
		SolutionGuid = {C234A0CD-AF54-486E-BBE3-343EBC2ED827}
	EndGlobalSection
EndGlobal
