
Microsoft Visual Studio Solution File, Format Version 12.00
# Visual Studio 15
VisualStudioVersion = 15.0.28307.1145
MinimumVisualStudioVersion = 10.0.40219.1
Project("{FAE04EC0-301F-11D3-BF4B-00C04F79EFBC}") = "Chapter6-1", "Chapter6-1\Chapter6-1.csproj", "{54245885-E6B0-4BAB-BE6A-C33EC7D7A314}"
EndProject
Global
	GlobalSection(SolutionConfigurationPlatforms) = preSolution
		Debug|Any CPU = Debug|Any CPU
		Release|Any CPU = Release|Any CPU
	EndGlobalSection
	GlobalSection(ProjectConfigurationPlatforms) = postSolution
		{54245885-E6B0-4BAB-BE6A-C33EC7D7A314}.Debug|Any CPU.ActiveCfg = Debug|Any CPU
		{54245885-E6B0-4BAB-BE6A-C33EC7D7A314}.Debug|Any CPU.Build.0 = Debug|Any CPU
		{54245885-E6B0-4BAB-BE6A-C33EC7D7A314}.Release|Any CPU.ActiveCfg = Release|Any CPU
		{54245885-E6B0-4BAB-BE6A-C33EC7D7A314}.Release|Any CPU.Build.0 = Release|Any CPU
	EndGlobalSection
	GlobalSection(SolutionProperties) = preSolution
		HideSolutionNode = FALSE
	EndGlobalSection
	GlobalSection(ExtensibilityGlobals) = postSolution
		SolutionGuid = {6487C4EB-3F3A-4F57-A635-864790DAA815}
	EndGlobalSection
EndGlobal
